// !$*UTF8*$!
{
	archiveVersion = 1;
	classes = {
	};
	objectVersion = 46;
	objects = {

/* Begin PBXBuildFile section */
		D31162CC1CAAAFCD000A5241 /* ReactionTableViewController.swift in Sources */ = {isa = PBXBuildFile; fileRef = D31162CB1CAAAFCD000A5241 /* ReactionTableViewController.swift */; };
		D31162CE1CAAB1EF000A5241 /* EnergyReactionTableViewController.swift in Sources */ = {isa = PBXBuildFile; fileRef = D31162CD1CAAB1EF000A5241 /* EnergyReactionTableViewController.swift */; };
		D31162D11CABB9C4000A5241 /* EmotionReactionTableViewController.swift in Sources */ = {isa = PBXBuildFile; fileRef = D31162D01CABB9C3000A5241 /* EmotionReactionTableViewController.swift */; };
		D3213D311D30EF5B00CE76C1 /* CALayer+FSExtension.m in Sources */ = {isa = PBXBuildFile; fileRef = D3213D121D30EF5B00CE76C1 /* CALayer+FSExtension.m */; };
		D3213D321D30EF5B00CE76C1 /* FSCalendar+DateTools.m in Sources */ = {isa = PBXBuildFile; fileRef = D3213D131D30EF5B00CE76C1 /* FSCalendar+DateTools.m */; };
		D3213D331D30EF5B00CE76C1 /* FSCalendar+Deprecated.m in Sources */ = {isa = PBXBuildFile; fileRef = D3213D141D30EF5B00CE76C1 /* FSCalendar+Deprecated.m */; };
		D3213D341D30EF5B00CE76C1 /* FSCalendar+IBExtension.m in Sources */ = {isa = PBXBuildFile; fileRef = D3213D161D30EF5B00CE76C1 /* FSCalendar+IBExtension.m */; };
		D3213D351D30EF5B00CE76C1 /* FSCalendar.m in Sources */ = {isa = PBXBuildFile; fileRef = D3213D181D30EF5B00CE76C1 /* FSCalendar.m */; };
		D3213D361D30EF5B00CE76C1 /* FSCalendarAnimator.m in Sources */ = {isa = PBXBuildFile; fileRef = D3213D1A1D30EF5B00CE76C1 /* FSCalendarAnimator.m */; };
		D3213D371D30EF5B00CE76C1 /* FSCalendarAppearance.m in Sources */ = {isa = PBXBuildFile; fileRef = D3213D1C1D30EF5B00CE76C1 /* FSCalendarAppearance.m */; };
		D3213D381D30EF5B00CE76C1 /* FSCalendarCell.m in Sources */ = {isa = PBXBuildFile; fileRef = D3213D1E1D30EF5B00CE76C1 /* FSCalendarCell.m */; };
		D3213D391D30EF5B00CE76C1 /* FSCalendarCollectionView.m in Sources */ = {isa = PBXBuildFile; fileRef = D3213D201D30EF5B00CE76C1 /* FSCalendarCollectionView.m */; };
		D3213D3A1D30EF5B00CE76C1 /* FSCalendarConstance.m in Sources */ = {isa = PBXBuildFile; fileRef = D3213D221D30EF5B00CE76C1 /* FSCalendarConstance.m */; };
		D3213D3B1D30EF5B00CE76C1 /* FSCalendarEventIndicator.m in Sources */ = {isa = PBXBuildFile; fileRef = D3213D251D30EF5B00CE76C1 /* FSCalendarEventIndicator.m */; };
		D3213D3C1D30EF5B00CE76C1 /* FSCalendarFlowLayout.m in Sources */ = {isa = PBXBuildFile; fileRef = D3213D271D30EF5B00CE76C1 /* FSCalendarFlowLayout.m */; };
		D3213D3D1D30EF5B00CE76C1 /* FSCalendarHeader.m in Sources */ = {isa = PBXBuildFile; fileRef = D3213D291D30EF5B00CE76C1 /* FSCalendarHeader.m */; };
		D3213D3E1D30EF5B00CE76C1 /* FSCalendarScopeHandle.m in Sources */ = {isa = PBXBuildFile; fileRef = D3213D2B1D30EF5B00CE76C1 /* FSCalendarScopeHandle.m */; };
		D3213D3F1D30EF5B00CE76C1 /* FSCalendarStickyHeader.m in Sources */ = {isa = PBXBuildFile; fileRef = D3213D2D1D30EF5B00CE76C1 /* FSCalendarStickyHeader.m */; };
		D3213D401D30EF5B00CE76C1 /* Info.plist in Resources */ = {isa = PBXBuildFile; fileRef = D3213D2E1D30EF5B00CE76C1 /* Info.plist */; };
		D3213D411D30EF5B00CE76C1 /* UIView+FSExtension.m in Sources */ = {isa = PBXBuildFile; fileRef = D3213D301D30EF5B00CE76C1 /* UIView+FSExtension.m */; };
		D3298DE11CD38B6900F0AB18 /* ComposeMailViewController.swift in Sources */ = {isa = PBXBuildFile; fileRef = D3298DE01CD38B6900F0AB18 /* ComposeMailViewController.swift */; };
		D32EDA0B1CA53A9300BC5F4C /* ApetitReactionsTableViewController.swift in Sources */ = {isa = PBXBuildFile; fileRef = D32EDA0A1CA53A9300BC5F4C /* ApetitReactionsTableViewController.swift */; };
		D331E04F1CC8C89A001EF459 /* DayOverviewController.swift in Sources */ = {isa = PBXBuildFile; fileRef = D331E04E1CC8C89A001EF459 /* DayOverviewController.swift */; };
		D348DEAF1C97E98A000D632C /* AppDelegate.swift in Sources */ = {isa = PBXBuildFile; fileRef = D348DEAE1C97E98A000D632C /* AppDelegate.swift */; };
		D348DEB41C97E98A000D632C /* Main.storyboard in Resources */ = {isa = PBXBuildFile; fileRef = D348DEB21C97E98A000D632C /* Main.storyboard */; };
		D348DEB61C97E98A000D632C /* Assets.xcassets in Resources */ = {isa = PBXBuildFile; fileRef = D348DEB51C97E98A000D632C /* Assets.xcassets */; };
		D348DEB91C97E98A000D632C /* LaunchScreen.storyboard in Resources */ = {isa = PBXBuildFile; fileRef = D348DEB71C97E98A000D632C /* LaunchScreen.storyboard */; };
		D36852C11CABD05200820B2F /* Meal.swift in Sources */ = {isa = PBXBuildFile; fileRef = D36852C01CABD05200820B2F /* Meal.swift */; };
		D36D2B131CBF7FE2001530DE /* MealOverviewCell.swift in Sources */ = {isa = PBXBuildFile; fileRef = D36D2B121CBF7FE2001530DE /* MealOverviewCell.swift */; };
		D3797DB51CCF69B000F936F5 /* ReactionCell.swift in Sources */ = {isa = PBXBuildFile; fileRef = D3797DB41CCF69B000F936F5 /* ReactionCell.swift */; };
		D3797DB71CCFBC4800F936F5 /* ReactionsEmbededTableViewController.swift in Sources */ = {isa = PBXBuildFile; fileRef = D3797DB61CCFBC4800F936F5 /* ReactionsEmbededTableViewController.swift */; };
		D3797DB91CD24A9300F936F5 /* CoachViewController.swift in Sources */ = {isa = PBXBuildFile; fileRef = D3797DB81CD24A9200F936F5 /* CoachViewController.swift */; };
		D3797DBB1CD2684900F936F5 /* RealmAPI.swift in Sources */ = {isa = PBXBuildFile; fileRef = D3797DBA1CD2684900F936F5 /* RealmAPI.swift */; };
		D38E87AD1CA375BB0048A83E /* MealSelectorTableViewController.swift in Sources */ = {isa = PBXBuildFile; fileRef = D38E87AC1CA375BB0048A83E /* MealSelectorTableViewController.swift */; };
		D38E87AF1CA3AB480048A83E /* NewMealTableViewController.swift in Sources */ = {isa = PBXBuildFile; fileRef = D38E87AE1CA3AB480048A83E /* NewMealTableViewController.swift */; };
		D3ACF3991CA91762003533D8 /* Reaction.swift in Sources */ = {isa = PBXBuildFile; fileRef = D3ACF3981CA91762003533D8 /* Reaction.swift */; };
/* End PBXBuildFile section */

/* Begin PBXFileReference section */
		D31162CB1CAAAFCD000A5241 /* ReactionTableViewController.swift */ = {isa = PBXFileReference; fileEncoding = 4; lastKnownFileType = sourcecode.swift; path = ReactionTableViewController.swift; sourceTree = "<group>"; };
		D31162CD1CAAB1EF000A5241 /* EnergyReactionTableViewController.swift */ = {isa = PBXFileReference; fileEncoding = 4; lastKnownFileType = sourcecode.swift; path = EnergyReactionTableViewController.swift; sourceTree = "<group>"; };
		D31162D01CABB9C3000A5241 /* EmotionReactionTableViewController.swift */ = {isa = PBXFileReference; fileEncoding = 4; lastKnownFileType = sourcecode.swift; path = EmotionReactionTableViewController.swift; sourceTree = "<group>"; };
		D3213D111D30EF5B00CE76C1 /* CALayer+FSExtension.h */ = {isa = PBXFileReference; fileEncoding = 4; lastKnownFileType = sourcecode.c.h; path = "CALayer+FSExtension.h"; sourceTree = "<group>"; };
		D3213D121D30EF5B00CE76C1 /* CALayer+FSExtension.m */ = {isa = PBXFileReference; fileEncoding = 4; lastKnownFileType = sourcecode.c.objc; path = "CALayer+FSExtension.m"; sourceTree = "<group>"; };
		D3213D131D30EF5B00CE76C1 /* FSCalendar+DateTools.m */ = {isa = PBXFileReference; fileEncoding = 4; lastKnownFileType = sourcecode.c.objc; path = "FSCalendar+DateTools.m"; sourceTree = "<group>"; };
		D3213D141D30EF5B00CE76C1 /* FSCalendar+Deprecated.m */ = {isa = PBXFileReference; fileEncoding = 4; lastKnownFileType = sourcecode.c.objc; path = "FSCalendar+Deprecated.m"; sourceTree = "<group>"; };
		D3213D151D30EF5B00CE76C1 /* FSCalendar+IBExtension.h */ = {isa = PBXFileReference; fileEncoding = 4; lastKnownFileType = sourcecode.c.h; path = "FSCalendar+IBExtension.h"; sourceTree = "<group>"; };
		D3213D161D30EF5B00CE76C1 /* FSCalendar+IBExtension.m */ = {isa = PBXFileReference; fileEncoding = 4; lastKnownFileType = sourcecode.c.objc; path = "FSCalendar+IBExtension.m"; sourceTree = "<group>"; };
		D3213D171D30EF5B00CE76C1 /* FSCalendar.h */ = {isa = PBXFileReference; fileEncoding = 4; lastKnownFileType = sourcecode.c.h; path = FSCalendar.h; sourceTree = "<group>"; };
		D3213D181D30EF5B00CE76C1 /* FSCalendar.m */ = {isa = PBXFileReference; fileEncoding = 4; lastKnownFileType = sourcecode.c.objc; path = FSCalendar.m; sourceTree = "<group>"; };
		D3213D191D30EF5B00CE76C1 /* FSCalendarAnimator.h */ = {isa = PBXFileReference; fileEncoding = 4; lastKnownFileType = sourcecode.c.h; path = FSCalendarAnimator.h; sourceTree = "<group>"; };
		D3213D1A1D30EF5B00CE76C1 /* FSCalendarAnimator.m */ = {isa = PBXFileReference; fileEncoding = 4; lastKnownFileType = sourcecode.c.objc; path = FSCalendarAnimator.m; sourceTree = "<group>"; };
		D3213D1B1D30EF5B00CE76C1 /* FSCalendarAppearance.h */ = {isa = PBXFileReference; fileEncoding = 4; lastKnownFileType = sourcecode.c.h; path = FSCalendarAppearance.h; sourceTree = "<group>"; };
		D3213D1C1D30EF5B00CE76C1 /* FSCalendarAppearance.m */ = {isa = PBXFileReference; fileEncoding = 4; lastKnownFileType = sourcecode.c.objc; path = FSCalendarAppearance.m; sourceTree = "<group>"; };
		D3213D1D1D30EF5B00CE76C1 /* FSCalendarCell.h */ = {isa = PBXFileReference; fileEncoding = 4; lastKnownFileType = sourcecode.c.h; path = FSCalendarCell.h; sourceTree = "<group>"; };
		D3213D1E1D30EF5B00CE76C1 /* FSCalendarCell.m */ = {isa = PBXFileReference; fileEncoding = 4; lastKnownFileType = sourcecode.c.objc; path = FSCalendarCell.m; sourceTree = "<group>"; };
		D3213D1F1D30EF5B00CE76C1 /* FSCalendarCollectionView.h */ = {isa = PBXFileReference; fileEncoding = 4; lastKnownFileType = sourcecode.c.h; path = FSCalendarCollectionView.h; sourceTree = "<group>"; };
		D3213D201D30EF5B00CE76C1 /* FSCalendarCollectionView.m */ = {isa = PBXFileReference; fileEncoding = 4; lastKnownFileType = sourcecode.c.objc; path = FSCalendarCollectionView.m; sourceTree = "<group>"; };
		D3213D211D30EF5B00CE76C1 /* FSCalendarConstance.h */ = {isa = PBXFileReference; fileEncoding = 4; lastKnownFileType = sourcecode.c.h; path = FSCalendarConstance.h; sourceTree = "<group>"; };
		D3213D221D30EF5B00CE76C1 /* FSCalendarConstance.m */ = {isa = PBXFileReference; fileEncoding = 4; lastKnownFileType = sourcecode.c.objc; path = FSCalendarConstance.m; sourceTree = "<group>"; };
		D3213D231D30EF5B00CE76C1 /* FSCalendarDynamicHeader.h */ = {isa = PBXFileReference; fileEncoding = 4; lastKnownFileType = sourcecode.c.h; path = FSCalendarDynamicHeader.h; sourceTree = "<group>"; };
		D3213D241D30EF5B00CE76C1 /* FSCalendarEventIndicator.h */ = {isa = PBXFileReference; fileEncoding = 4; lastKnownFileType = sourcecode.c.h; path = FSCalendarEventIndicator.h; sourceTree = "<group>"; };
		D3213D251D30EF5B00CE76C1 /* FSCalendarEventIndicator.m */ = {isa = PBXFileReference; fileEncoding = 4; lastKnownFileType = sourcecode.c.objc; path = FSCalendarEventIndicator.m; sourceTree = "<group>"; };
		D3213D261D30EF5B00CE76C1 /* FSCalendarFlowLayout.h */ = {isa = PBXFileReference; fileEncoding = 4; lastKnownFileType = sourcecode.c.h; path = FSCalendarFlowLayout.h; sourceTree = "<group>"; };
		D3213D271D30EF5B00CE76C1 /* FSCalendarFlowLayout.m */ = {isa = PBXFileReference; fileEncoding = 4; lastKnownFileType = sourcecode.c.objc; path = FSCalendarFlowLayout.m; sourceTree = "<group>"; };
		D3213D281D30EF5B00CE76C1 /* FSCalendarHeader.h */ = {isa = PBXFileReference; fileEncoding = 4; lastKnownFileType = sourcecode.c.h; path = FSCalendarHeader.h; sourceTree = "<group>"; };
		D3213D291D30EF5B00CE76C1 /* FSCalendarHeader.m */ = {isa = PBXFileReference; fileEncoding = 4; lastKnownFileType = sourcecode.c.objc; path = FSCalendarHeader.m; sourceTree = "<group>"; };
		D3213D2A1D30EF5B00CE76C1 /* FSCalendarScopeHandle.h */ = {isa = PBXFileReference; fileEncoding = 4; lastKnownFileType = sourcecode.c.h; path = FSCalendarScopeHandle.h; sourceTree = "<group>"; };
		D3213D2B1D30EF5B00CE76C1 /* FSCalendarScopeHandle.m */ = {isa = PBXFileReference; fileEncoding = 4; lastKnownFileType = sourcecode.c.objc; path = FSCalendarScopeHandle.m; sourceTree = "<group>"; };
		D3213D2C1D30EF5B00CE76C1 /* FSCalendarStickyHeader.h */ = {isa = PBXFileReference; fileEncoding = 4; lastKnownFileType = sourcecode.c.h; path = FSCalendarStickyHeader.h; sourceTree = "<group>"; };
		D3213D2D1D30EF5B00CE76C1 /* FSCalendarStickyHeader.m */ = {isa = PBXFileReference; fileEncoding = 4; lastKnownFileType = sourcecode.c.objc; path = FSCalendarStickyHeader.m; sourceTree = "<group>"; };
		D3213D2E1D30EF5B00CE76C1 /* Info.plist */ = {isa = PBXFileReference; fileEncoding = 4; lastKnownFileType = text.plist.xml; path = Info.plist; sourceTree = "<group>"; };
		D3213D2F1D30EF5B00CE76C1 /* UIView+FSExtension.h */ = {isa = PBXFileReference; fileEncoding = 4; lastKnownFileType = sourcecode.c.h; path = "UIView+FSExtension.h"; sourceTree = "<group>"; };
		D3213D301D30EF5B00CE76C1 /* UIView+FSExtension.m */ = {isa = PBXFileReference; fileEncoding = 4; lastKnownFileType = sourcecode.c.objc; path = "UIView+FSExtension.m"; sourceTree = "<group>"; };
		D3213D421D30F31500CE76C1 /* LogYourFood-Bridging-Header.h */ = {isa = PBXFileReference; lastKnownFileType = sourcecode.c.h; name = "LogYourFood-Bridging-Header.h"; path = "FSCalendar/LogYourFood-Bridging-Header.h"; sourceTree = "<group>"; };
		D3298DE01CD38B6900F0AB18 /* ComposeMailViewController.swift */ = {isa = PBXFileReference; fileEncoding = 4; lastKnownFileType = sourcecode.swift; path = ComposeMailViewController.swift; sourceTree = "<group>"; };
		D32EDA0A1CA53A9300BC5F4C /* ApetitReactionsTableViewController.swift */ = {isa = PBXFileReference; fileEncoding = 4; lastKnownFileType = sourcecode.swift; path = ApetitReactionsTableViewController.swift; sourceTree = "<group>"; };
		D331E04E1CC8C89A001EF459 /* DayOverviewController.swift */ = {isa = PBXFileReference; fileEncoding = 4; lastKnownFileType = sourcecode.swift; path = DayOverviewController.swift; sourceTree = "<group>"; };
		D348DEAB1C97E98A000D632C /* LogYourFood.app */ = {isa = PBXFileReference; explicitFileType = wrapper.application; includeInIndex = 0; path = LogYourFood.app; sourceTree = BUILT_PRODUCTS_DIR; };
		D348DEAE1C97E98A000D632C /* AppDelegate.swift */ = {isa = PBXFileReference; lastKnownFileType = sourcecode.swift; path = AppDelegate.swift; sourceTree = "<group>"; };
		D348DEB31C97E98A000D632C /* Base */ = {isa = PBXFileReference; lastKnownFileType = file.storyboard; name = Base; path = Base.lproj/Main.storyboard; sourceTree = "<group>"; };
		D348DEB51C97E98A000D632C /* Assets.xcassets */ = {isa = PBXFileReference; lastKnownFileType = folder.assetcatalog; path = Assets.xcassets; sourceTree = "<group>"; };
		D348DEB81C97E98A000D632C /* Base */ = {isa = PBXFileReference; lastKnownFileType = file.storyboard; name = Base; path = Base.lproj/LaunchScreen.storyboard; sourceTree = "<group>"; };
		D348DEBA1C97E98A000D632C /* Info.plist */ = {isa = PBXFileReference; lastKnownFileType = text.plist.xml; path = Info.plist; sourceTree = "<group>"; };
		D36852C01CABD05200820B2F /* Meal.swift */ = {isa = PBXFileReference; fileEncoding = 4; lastKnownFileType = sourcecode.swift; path = Meal.swift; sourceTree = "<group>"; };
		D36D2B121CBF7FE2001530DE /* MealOverviewCell.swift */ = {isa = PBXFileReference; fileEncoding = 4; lastKnownFileType = sourcecode.swift; path = MealOverviewCell.swift; sourceTree = "<group>"; };
		D3797DB41CCF69B000F936F5 /* ReactionCell.swift */ = {isa = PBXFileReference; fileEncoding = 4; lastKnownFileType = sourcecode.swift; path = ReactionCell.swift; sourceTree = "<group>"; };
		D3797DB61CCFBC4800F936F5 /* ReactionsEmbededTableViewController.swift */ = {isa = PBXFileReference; fileEncoding = 4; lastKnownFileType = sourcecode.swift; path = ReactionsEmbededTableViewController.swift; sourceTree = "<group>"; };
		D3797DB81CD24A9200F936F5 /* CoachViewController.swift */ = {isa = PBXFileReference; fileEncoding = 4; lastKnownFileType = sourcecode.swift; path = CoachViewController.swift; sourceTree = "<group>"; };
		D3797DBA1CD2684900F936F5 /* RealmAPI.swift */ = {isa = PBXFileReference; fileEncoding = 4; lastKnownFileType = sourcecode.swift; path = RealmAPI.swift; sourceTree = "<group>"; };
		D38E87AC1CA375BB0048A83E /* MealSelectorTableViewController.swift */ = {isa = PBXFileReference; fileEncoding = 4; lastKnownFileType = sourcecode.swift; path = MealSelectorTableViewController.swift; sourceTree = "<group>"; };
		D38E87AE1CA3AB480048A83E /* NewMealTableViewController.swift */ = {isa = PBXFileReference; fileEncoding = 4; lastKnownFileType = sourcecode.swift; path = NewMealTableViewController.swift; sourceTree = "<group>"; };
		D3ACF3981CA91762003533D8 /* Reaction.swift */ = {isa = PBXFileReference; fileEncoding = 4; lastKnownFileType = sourcecode.swift; path = Reaction.swift; sourceTree = "<group>"; };
/* End PBXFileReference section */

/* Begin PBXFrameworksBuildPhase section */
		D348DEA81C97E98A000D632C /* Frameworks */ = {
			isa = PBXFrameworksBuildPhase;
			buildActionMask = 2147483647;
			files = (
			);
			runOnlyForDeploymentPostprocessing = 0;
		};
/* End PBXFrameworksBuildPhase section */

/* Begin PBXGroup section */
		1783A1A8D23C88E12CE0DD4A /* Frameworks */ = {
			isa = PBXGroup;
			children = (
			);
			name = Frameworks;
			sourceTree = "<group>";
		};
		B4BF69F2A1EA9A60BADC9F95 /* Pods */ = {
			isa = PBXGroup;
			children = (
			);
			name = Pods;
			sourceTree = "<group>";
		};
		D31162CF1CABB96B000A5241 /* ReactionUI */ = {
			isa = PBXGroup;
			children = (
				D32EDA0A1CA53A9300BC5F4C /* ApetitReactionsTableViewController.swift */,
				D31162CD1CAAB1EF000A5241 /* EnergyReactionTableViewController.swift */,
				D31162D01CABB9C3000A5241 /* EmotionReactionTableViewController.swift */,
				D31162CB1CAAAFCD000A5241 /* ReactionTableViewController.swift */,
			);
			name = ReactionUI;
			sourceTree = "<group>";
		};
		D3213D101D30EF5B00CE76C1 /* FSCalendar */ = {
			isa = PBXGroup;
			children = (
				D3213D111D30EF5B00CE76C1 /* CALayer+FSExtension.h */,
				D3213D121D30EF5B00CE76C1 /* CALayer+FSExtension.m */,
				D3213D131D30EF5B00CE76C1 /* FSCalendar+DateTools.m */,
				D3213D141D30EF5B00CE76C1 /* FSCalendar+Deprecated.m */,
				D3213D151D30EF5B00CE76C1 /* FSCalendar+IBExtension.h */,
				D3213D161D30EF5B00CE76C1 /* FSCalendar+IBExtension.m */,
				D3213D171D30EF5B00CE76C1 /* FSCalendar.h */,
				D3213D181D30EF5B00CE76C1 /* FSCalendar.m */,
				D3213D191D30EF5B00CE76C1 /* FSCalendarAnimator.h */,
				D3213D1A1D30EF5B00CE76C1 /* FSCalendarAnimator.m */,
				D3213D1B1D30EF5B00CE76C1 /* FSCalendarAppearance.h */,
				D3213D1C1D30EF5B00CE76C1 /* FSCalendarAppearance.m */,
				D3213D1D1D30EF5B00CE76C1 /* FSCalendarCell.h */,
				D3213D1E1D30EF5B00CE76C1 /* FSCalendarCell.m */,
				D3213D1F1D30EF5B00CE76C1 /* FSCalendarCollectionView.h */,
				D3213D201D30EF5B00CE76C1 /* FSCalendarCollectionView.m */,
				D3213D211D30EF5B00CE76C1 /* FSCalendarConstance.h */,
				D3213D221D30EF5B00CE76C1 /* FSCalendarConstance.m */,
				D3213D231D30EF5B00CE76C1 /* FSCalendarDynamicHeader.h */,
				D3213D241D30EF5B00CE76C1 /* FSCalendarEventIndicator.h */,
				D3213D251D30EF5B00CE76C1 /* FSCalendarEventIndicator.m */,
				D3213D261D30EF5B00CE76C1 /* FSCalendarFlowLayout.h */,
				D3213D271D30EF5B00CE76C1 /* FSCalendarFlowLayout.m */,
				D3213D281D30EF5B00CE76C1 /* FSCalendarHeader.h */,
				D3213D291D30EF5B00CE76C1 /* FSCalendarHeader.m */,
				D3213D2A1D30EF5B00CE76C1 /* FSCalendarScopeHandle.h */,
				D3213D2B1D30EF5B00CE76C1 /* FSCalendarScopeHandle.m */,
				D3213D2C1D30EF5B00CE76C1 /* FSCalendarStickyHeader.h */,
				D3213D2D1D30EF5B00CE76C1 /* FSCalendarStickyHeader.m */,
				D3213D2E1D30EF5B00CE76C1 /* Info.plist */,
				D3213D2F1D30EF5B00CE76C1 /* UIView+FSExtension.h */,
				D3213D301D30EF5B00CE76C1 /* UIView+FSExtension.m */,
			);
			path = FSCalendar;
			sourceTree = "<group>";
		};
		D348DEA21C97E98A000D632C = {
			isa = PBXGroup;
			children = (
				D348DEAD1C97E98A000D632C /* LogYourFood */,
				D348DEAC1C97E98A000D632C /* Products */,
				B4BF69F2A1EA9A60BADC9F95 /* Pods */,
				1783A1A8D23C88E12CE0DD4A /* Frameworks */,
			);
			sourceTree = "<group>";
		};
		D348DEAC1C97E98A000D632C /* Products */ = {
			isa = PBXGroup;
			children = (
				D348DEAB1C97E98A000D632C /* LogYourFood.app */,
			);
			name = Products;
			sourceTree = "<group>";
		};
		D348DEAD1C97E98A000D632C /* LogYourFood */ = {
			isa = PBXGroup;
			children = (
				D3213D101D30EF5B00CE76C1 /* FSCalendar */,
				D36852C41CABD1F400820B2F /* Realm Models */,
				D31162CF1CABB96B000A5241 /* ReactionUI */,
				D348DEAE1C97E98A000D632C /* AppDelegate.swift */,
				D3213D421D30F31500CE76C1 /* LogYourFood-Bridging-Header.h */,
				D331E04E1CC8C89A001EF459 /* DayOverviewController.swift */,
				D36D2B121CBF7FE2001530DE /* MealOverviewCell.swift */,
				D38E87AE1CA3AB480048A83E /* NewMealTableViewController.swift */,
				D3797DB61CCFBC4800F936F5 /* ReactionsEmbededTableViewController.swift */,
				D38E87AC1CA375BB0048A83E /* MealSelectorTableViewController.swift */,
				D3797DB41CCF69B000F936F5 /* ReactionCell.swift */,
				D3797DB81CD24A9200F936F5 /* CoachViewController.swift */,
				D3298DE01CD38B6900F0AB18 /* ComposeMailViewController.swift */,
				D348DEB21C97E98A000D632C /* Main.storyboard */,
				D348DEB51C97E98A000D632C /* Assets.xcassets */,
				D348DEB71C97E98A000D632C /* LaunchScreen.storyboard */,
				D348DEBA1C97E98A000D632C /* Info.plist */,
			);
			path = LogYourFood;
			sourceTree = "<group>";
		};
		D36852C41CABD1F400820B2F /* Realm Models */ = {
			isa = PBXGroup;
			children = (
				D36852C01CABD05200820B2F /* Meal.swift */,
				D3ACF3981CA91762003533D8 /* Reaction.swift */,
				D3797DBA1CD2684900F936F5 /* RealmAPI.swift */,
			);
			name = "Realm Models";
			sourceTree = "<group>";
		};
/* End PBXGroup section */

/* Begin PBXNativeTarget section */
		D348DEAA1C97E98A000D632C /* LogYourFood */ = {
			isa = PBXNativeTarget;
			buildConfigurationList = D348DEBD1C97E98A000D632C /* Build configuration list for PBXNativeTarget "LogYourFood" */;
			buildPhases = (
				D348DEA71C97E98A000D632C /* Sources */,
				D348DEA81C97E98A000D632C /* Frameworks */,
				D348DEA91C97E98A000D632C /* Resources */,
			);
			buildRules = (
			);
			dependencies = (
			);
			name = LogYourFood;
			productName = LogYourFood;
			productReference = D348DEAB1C97E98A000D632C /* LogYourFood.app */;
			productType = "com.apple.product-type.application";
		};
/* End PBXNativeTarget section */

/* Begin PBXProject section */
		D348DEA31C97E98A000D632C /* Project object */ = {
			isa = PBXProject;
			attributes = {
				LastSwiftUpdateCheck = 0720;
				LastUpgradeCheck = 0720;
				ORGANIZATIONNAME = 3smurfs;
				TargetAttributes = {
					D348DEAA1C97E98A000D632C = {
						CreatedOnToolsVersion = 7.2;
						DevelopmentTeam = JZ92YFTR72;
					};
				};
			};
			buildConfigurationList = D348DEA61C97E98A000D632C /* Build configuration list for PBXProject "LogYourFood" */;
			compatibilityVersion = "Xcode 3.2";
			developmentRegion = English;
			hasScannedForEncodings = 0;
			knownRegions = (
				en,
				Base,
			);
			mainGroup = D348DEA21C97E98A000D632C;
			productRefGroup = D348DEAC1C97E98A000D632C /* Products */;
			projectDirPath = "";
			projectRoot = "";
			targets = (
				D348DEAA1C97E98A000D632C /* LogYourFood */,
			);
		};
/* End PBXProject section */

/* Begin PBXResourcesBuildPhase section */
		D348DEA91C97E98A000D632C /* Resources */ = {
			isa = PBXResourcesBuildPhase;
			buildActionMask = 2147483647;
			files = (
				D3213D401D30EF5B00CE76C1 /* Info.plist in Resources */,
				D348DEB91C97E98A000D632C /* LaunchScreen.storyboard in Resources */,
				D348DEB61C97E98A000D632C /* Assets.xcassets in Resources */,
				D348DEB41C97E98A000D632C /* Main.storyboard in Resources */,
			);
			runOnlyForDeploymentPostprocessing = 0;
		};
/* End PBXResourcesBuildPhase section */

/* Begin PBXSourcesBuildPhase section */
		D348DEA71C97E98A000D632C /* Sources */ = {
			isa = PBXSourcesBuildPhase;
			buildActionMask = 2147483647;
			files = (
				D36852C11CABD05200820B2F /* Meal.swift in Sources */,
				D3213D3B1D30EF5B00CE76C1 /* FSCalendarEventIndicator.m in Sources */,
				D3213D3F1D30EF5B00CE76C1 /* FSCalendarStickyHeader.m in Sources */,
				D3213D3A1D30EF5B00CE76C1 /* FSCalendarConstance.m in Sources */,
				D3213D341D30EF5B00CE76C1 /* FSCalendar+IBExtension.m in Sources */,
				D31162CE1CAAB1EF000A5241 /* EnergyReactionTableViewController.swift in Sources */,
				D3298DE11CD38B6900F0AB18 /* ComposeMailViewController.swift in Sources */,
				D32EDA0B1CA53A9300BC5F4C /* ApetitReactionsTableViewController.swift in Sources */,
				D3213D361D30EF5B00CE76C1 /* FSCalendarAnimator.m in Sources */,
				D3213D411D30EF5B00CE76C1 /* UIView+FSExtension.m in Sources */,
				D3213D381D30EF5B00CE76C1 /* FSCalendarCell.m in Sources */,
				D3213D391D30EF5B00CE76C1 /* FSCalendarCollectionView.m in Sources */,
				D31162CC1CAAAFCD000A5241 /* ReactionTableViewController.swift in Sources */,
				D3213D311D30EF5B00CE76C1 /* CALayer+FSExtension.m in Sources */,
				D348DEAF1C97E98A000D632C /* AppDelegate.swift in Sources */,
				D3213D371D30EF5B00CE76C1 /* FSCalendarAppearance.m in Sources */,
				D3213D351D30EF5B00CE76C1 /* FSCalendar.m in Sources */,
				D36D2B131CBF7FE2001530DE /* MealOverviewCell.swift in Sources */,
				D3797DB51CCF69B000F936F5 /* ReactionCell.swift in Sources */,
				D3213D3E1D30EF5B00CE76C1 /* FSCalendarScopeHandle.m in Sources */,
				D3797DB91CD24A9300F936F5 /* CoachViewController.swift in Sources */,
				D331E04F1CC8C89A001EF459 /* DayOverviewController.swift in Sources */,
				D31162D11CABB9C4000A5241 /* EmotionReactionTableViewController.swift in Sources */,
				D3213D321D30EF5B00CE76C1 /* FSCalendar+DateTools.m in Sources */,
				D3213D3D1D30EF5B00CE76C1 /* FSCalendarHeader.m in Sources */,
				D38E87AF1CA3AB480048A83E /* NewMealTableViewController.swift in Sources */,
				D3213D3C1D30EF5B00CE76C1 /* FSCalendarFlowLayout.m in Sources */,
				D3213D331D30EF5B00CE76C1 /* FSCalendar+Deprecated.m in Sources */,
				D3ACF3991CA91762003533D8 /* Reaction.swift in Sources */,
				D38E87AD1CA375BB0048A83E /* MealSelectorTableViewController.swift in Sources */,
				D3797DB71CCFBC4800F936F5 /* ReactionsEmbededTableViewController.swift in Sources */,
				D3797DBB1CD2684900F936F5 /* RealmAPI.swift in Sources */,
			);
			runOnlyForDeploymentPostprocessing = 0;
		};
/* End PBXSourcesBuildPhase section */

/* Begin PBXVariantGroup section */
		D348DEB21C97E98A000D632C /* Main.storyboard */ = {
			isa = PBXVariantGroup;
			children = (
				D348DEB31C97E98A000D632C /* Base */,
			);
			name = Main.storyboard;
			sourceTree = "<group>";
		};
		D348DEB71C97E98A000D632C /* LaunchScreen.storyboard */ = {
			isa = PBXVariantGroup;
			children = (
				D348DEB81C97E98A000D632C /* Base */,
			);
			name = LaunchScreen.storyboard;
			sourceTree = "<group>";
		};
/* End PBXVariantGroup section */

/* Begin XCBuildConfiguration section */
		D348DEBB1C97E98A000D632C /* Debug */ = {
			isa = XCBuildConfiguration;
			buildSettings = {
				ALWAYS_SEARCH_USER_PATHS = NO;
				CLANG_CXX_LANGUAGE_STANDARD = "gnu++0x";
				CLANG_CXX_LIBRARY = "libc++";
				CLANG_ENABLE_MODULES = YES;
				CLANG_ENABLE_OBJC_ARC = YES;
				CLANG_WARN_BOOL_CONVERSION = YES;
				CLANG_WARN_CONSTANT_CONVERSION = YES;
				CLANG_WARN_DIRECT_OBJC_ISA_USAGE = YES_ERROR;
				CLANG_WARN_EMPTY_BODY = YES;
				CLANG_WARN_ENUM_CONVERSION = YES;
				CLANG_WARN_INT_CONVERSION = YES;
				CLANG_WARN_OBJC_ROOT_CLASS = YES_ERROR;
				CLANG_WARN_UNREACHABLE_CODE = YES;
				CLANG_WARN__DUPLICATE_METHOD_MATCH = YES;
				"CODE_SIGN_IDENTITY[sdk=iphoneos*]" = "iPhone Developer";
				COPY_PHASE_STRIP = NO;
				DEBUG_INFORMATION_FORMAT = dwarf;
				ENABLE_STRICT_OBJC_MSGSEND = YES;
				ENABLE_TESTABILITY = YES;
				GCC_C_LANGUAGE_STANDARD = gnu99;
				GCC_DYNAMIC_NO_PIC = NO;
				GCC_NO_COMMON_BLOCKS = YES;
				GCC_OPTIMIZATION_LEVEL = 0;
				GCC_PREPROCESSOR_DEFINITIONS = (
					"DEBUG=1",
					"$(inherited)",
				);
				GCC_WARN_64_TO_32_BIT_CONVERSION = YES;
				GCC_WARN_ABOUT_RETURN_TYPE = YES_ERROR;
				GCC_WARN_UNDECLARED_SELECTOR = YES;
				GCC_WARN_UNINITIALIZED_AUTOS = YES_AGGRESSIVE;
				GCC_WARN_UNUSED_FUNCTION = YES;
				GCC_WARN_UNUSED_VARIABLE = YES;
				IPHONEOS_DEPLOYMENT_TARGET = 9.2;
				MTL_ENABLE_DEBUG_INFO = YES;
				ONLY_ACTIVE_ARCH = YES;
				SDKROOT = iphoneos;
				SWIFT_OPTIMIZATION_LEVEL = "-Onone";
			};
			name = Debug;
		};
		D348DEBC1C97E98A000D632C /* Release */ = {
			isa = XCBuildConfiguration;
			buildSettings = {
				ALWAYS_SEARCH_USER_PATHS = NO;
				CLANG_CXX_LANGUAGE_STANDARD = "gnu++0x";
				CLANG_CXX_LIBRARY = "libc++";
				CLANG_ENABLE_MODULES = YES;
				CLANG_ENABLE_OBJC_ARC = YES;
				CLANG_WARN_BOOL_CONVERSION = YES;
				CLANG_WARN_CONSTANT_CONVERSION = YES;
				CLANG_WARN_DIRECT_OBJC_ISA_USAGE = YES_ERROR;
				CLANG_WARN_EMPTY_BODY = YES;
				CLANG_WARN_ENUM_CONVERSION = YES;
				CLANG_WARN_INT_CONVERSION = YES;
				CLANG_WARN_OBJC_ROOT_CLASS = YES_ERROR;
				CLANG_WARN_UNREACHABLE_CODE = YES;
				CLANG_WARN__DUPLICATE_METHOD_MATCH = YES;
				"CODE_SIGN_IDENTITY[sdk=iphoneos*]" = "iPhone Developer";
				COPY_PHASE_STRIP = NO;
				DEBUG_INFORMATION_FORMAT = "dwarf-with-dsym";
				ENABLE_NS_ASSERTIONS = NO;
				ENABLE_STRICT_OBJC_MSGSEND = YES;
				GCC_C_LANGUAGE_STANDARD = gnu99;
				GCC_NO_COMMON_BLOCKS = YES;
				GCC_WARN_64_TO_32_BIT_CONVERSION = YES;
				GCC_WARN_ABOUT_RETURN_TYPE = YES_ERROR;
				GCC_WARN_UNDECLARED_SELECTOR = YES;
				GCC_WARN_UNINITIALIZED_AUTOS = YES_AGGRESSIVE;
				GCC_WARN_UNUSED_FUNCTION = YES;
				GCC_WARN_UNUSED_VARIABLE = YES;
				IPHONEOS_DEPLOYMENT_TARGET = 9.2;
				MTL_ENABLE_DEBUG_INFO = NO;
				SDKROOT = iphoneos;
				VALIDATE_PRODUCT = YES;
			};
			name = Release;
		};
		D348DEBE1C97E98A000D632C /* Debug */ = {
			isa = XCBuildConfiguration;
			buildSettings = {
				ASSETCATALOG_COMPILER_APPICON_NAME = AppIcon;
				FRAMEWORK_SEARCH_PATHS = (
					"$(inherited)",
					"$(PROJECT_DIR)/build/Debug-iphoneos",
				);
				INFOPLIST_FILE = LogYourFood/Info.plist;
				LD_RUNPATH_SEARCH_PATHS = "$(inherited) @executable_path/Frameworks";
				PRODUCT_BUNDLE_IDENTIFIER = "-smurfs.com.LogYourFood";
				PRODUCT_NAME = "$(TARGET_NAME)";
				SWIFT_OBJC_BRIDGING_HEADER = "LogYourFood/LogYourFood-Bridging-Header.h";
			};
			name = Debug;
		};
		D348DEBF1C97E98A000D632C /* Release */ = {
			isa = XCBuildConfiguration;
			buildSettings = {
				ASSETCATALOG_COMPILER_APPICON_NAME = AppIcon;
				FRAMEWORK_SEARCH_PATHS = (
					"$(inherited)",
					"$(PROJECT_DIR)/build/Debug-iphoneos",
				);
				INFOPLIST_FILE = LogYourFood/Info.plist;
				LD_RUNPATH_SEARCH_PATHS = "$(inherited) @executable_path/Frameworks";
				PRODUCT_BUNDLE_IDENTIFIER = "-smurfs.com.LogYourFood";
				PRODUCT_NAME = "$(TARGET_NAME)";
				SWIFT_OBJC_BRIDGING_HEADER = "LogYourFood/LogYourFood-Bridging-Header.h";
				"SWIFT_OBJC_BRIDGING_HEADER[arch=*]" = "";
			};
			name = Release;
		};
/* End XCBuildConfiguration section */

/* Begin XCConfigurationList section */
		D348DEA61C97E98A000D632C /* Build configuration list for PBXProject "LogYourFood" */ = {
			isa = XCConfigurationList;
			buildConfigurations = (
				D348DEBB1C97E98A000D632C /* Debug */,
				D348DEBC1C97E98A000D632C /* Release */,
			);
			defaultConfigurationIsVisible = 0;
			defaultConfigurationName = Release;
		};
		D348DEBD1C97E98A000D632C /* Build configuration list for PBXNativeTarget "LogYourFood" */ = {
			isa = XCConfigurationList;
			buildConfigurations = (
				D348DEBE1C97E98A000D632C /* Debug */,
				D348DEBF1C97E98A000D632C /* Release */,
			);
			defaultConfigurationIsVisible = 0;
			defaultConfigurationName = Release;
		};
/* End XCConfigurationList section */
	};
	rootObject = D348DEA31C97E98A000D632C /* Project object */;
}
